
Microsoft Visual Studio Solution File, Format Version 12.00
# Visual Studio Version 16
VisualStudioVersion = 16.0.30907.101
MinimumVisualStudioVersion = 10.0.40219.1
Project("{FAE04EC0-301F-11D3-BF4B-00C04F79EFBC}") = "OnlineShop", "OnlineShop\OnlineShop.csproj", "{DAA5C48A-629C-4440-93BC-F9D90C59C943}"
EndProject
Project("{FAE04EC0-301F-11D3-BF4B-00C04F79EFBC}") = "OnlineShop.Models", "OnlineShop.Models\OnlineShop.Models.csproj", "{6C1CE928-6D92-48D7-9F1B-40A0BA1A01E9}"
EndProject
Project("{FAE04EC0-301F-11D3-BF4B-00C04F79EFBC}") = "OnlineShop.Tests", "OnlineShop.Tests\OnlineShop.Tests.csproj", "{1A44E51D-EE00-4A44-BD52-B7710348482C}"
EndProject
Global
	GlobalSection(SolutionConfigurationPlatforms) = preSolution
		Debug|Any CPU = Debug|Any CPU
		Release|Any CPU = Release|Any CPU
	EndGlobalSection
	GlobalSection(ProjectConfigurationPlatforms) = postSolution
		{DAA5C48A-629C-4440-93BC-F9D90C59C943}.Debug|Any CPU.ActiveCfg = Debug|Any CPU
		{DAA5C48A-629C-4440-93BC-F9D90C59C943}.Debug|Any CPU.Build.0 = Debug|Any CPU
		{DAA5C48A-629C-4440-93BC-F9D90C59C943}.Release|Any CPU.ActiveCfg = Release|Any CPU
		{DAA5C48A-629C-4440-93BC-F9D90C59C943}.Release|Any CPU.Build.0 = Release|Any CPU
		{6C1CE928-6D92-48D7-9F1B-40A0BA1A01E9}.Debug|Any CPU.ActiveCfg = Debug|Any CPU
		{6C1CE928-6D92-48D7-9F1B-40A0BA1A01E9}.Debug|Any CPU.Build.0 = Debug|Any CPU
		{6C1CE928-6D92-48D7-9F1B-40A0BA1A01E9}.Release|Any CPU.ActiveCfg = Release|Any CPU
		{6C1CE928-6D92-48D7-9F1B-40A0BA1A01E9}.Release|Any CPU.Build.0 = Release|Any CPU
		{1A44E51D-EE00-4A44-BD52-B7710348482C}.Debug|Any CPU.ActiveCfg = Debug|Any CPU
		{1A44E51D-EE00-4A44-BD52-B7710348482C}.Debug|Any CPU.Build.0 = Debug|Any CPU
		{1A44E51D-EE00-4A44-BD52-B7710348482C}.Release|Any CPU.ActiveCfg = Release|Any CPU
		{1A44E51D-EE00-4A44-BD52-B7710348482C}.Release|Any CPU.Build.0 = Release|Any CPU
	EndGlobalSection
	GlobalSection(SolutionProperties) = preSolution
		HideSolutionNode = FALSE
	EndGlobalSection
	GlobalSection(ExtensibilityGlobals) = postSolution
		SolutionGuid = {503BD0F7-0030-431B-A7B0-3E935C0EADE0}
	EndGlobalSection
EndGlobal
